<?xml version="1.0" encoding="UTF-8" standalone="yes" ?>
<CodeBlocks_project_file>
	<FileVersion major="1" minor="6" />
	<Project>
		<Option title="soloscuro" />
		<Option makefile="makefile.win" />
		<Option makefile_is_custom="1" />
		<Option execution_dir="../../soloscuro" />
		<Option pch_mode="2" />
		<Option compiler="gcc" />
		<Build>
			<Target title="Debug">
				<Option type="4" />
				<Option compiler="gcc" />
				<Compiler>
					<Add option="-g" />
				</Compiler>
				<MakeCommands>
					<Build command="$make -f $makefile debug-win" />
					<CompileFile command="$make -f $makefile $file" />
					<Clean command="$make -f $makefile clean" />
					<DistClean command="$make -f $makefile distclean$target" />
					<AskRebuildNeeded command="$make -q -f $makefile $target" />
					<SilentBuild command="$make -f $makefile debug-win &gt; $(CMD_NULL)" />
				</MakeCommands>
			</Target>
			<Target title="Release">
				<Option type="4" />
				<Option compiler="gcc" />
				<Compiler>
					<Add option="-O2" />
				</Compiler>
				<Linker>
					<Add option="-s" />
				</Linker>
			</Target>
		</Build>
		<Compiler>
			<Add option="-Wall" />
		</Compiler>
		<Unit filename="../makefile.win" />
		<Unit filename="../src/dsl-execute.c">
			<Option compilerVar="CC" />
		</Unit>
		<Unit filename="../src/dsl-execute.h" />
		<Unit filename="../src/dsl-narrate.c">
			<Option compilerVar="CC" />
		</Unit>
		<Unit filename="../src/dsl-narrate.h" />
		<Unit filename="../src/dsl-object.c">
			<Option compilerVar="CC" />
		</Unit>
		<Unit filename="../src/dsl-object.h" />
		<Unit filename="../src/dsl-request.c">
			<Option compilerVar="CC" />
		</Unit>
		<Unit filename="../src/dsl-scmd.h" />
		<Unit filename="../src/dsl-string.c">
			<Option compilerVar="CC" />
		</Unit>
		<Unit filename="../src/dsl-string.h" />
		<Unit filename="../src/dsl-var.c">
			<Option compilerVar="CC" />
		</Unit>
		<Unit filename="../src/dsl-var.h" />
		<Unit filename="../src/dsl.c">
			<Option compilerVar="CC" />
		</Unit>
		<Unit filename="../src/dsl.h" />
		<Unit filename="../src/gff-image.c">
			<Option compilerVar="CC" />
		</Unit>
		<Unit filename="../src/gff-image.h" />
		<Unit filename="../src/gff-map.c">
			<Option compilerVar="CC" />
		</Unit>
		<Unit filename="../src/gff-map.h" />
		<Unit filename="../src/gff-xmi.c">
			<Option compilerVar="CC" />
		</Unit>
		<Unit filename="../src/gff-xmi.h" />
		<Unit filename="../src/gff.c">
			<Option compilerVar="CC" />
		</Unit>
		<Unit filename="../src/gff.h" />
		<Unit filename="../src/gfftypes.h" />
		<Unit filename="../src/libds.c">
			<Option compilerVar="CC" />
		</Unit>
		<Unit filename="../src/main.c">
			<Option compilerVar="CC" />
		</Unit>
		<Extensions>
			<code_completion />
			<envvars />
			<debugger />
		</Extensions>
	</Project>
</CodeBlocks_project_file>
